{
  "name": "tuya_cloud_sdk_nodejs",
  "version": "1.0.0",
  "lockfileVersion": 1,
  "requires": true,
  "dependencies": {
    "async-await-retry": {
      "version": "1.0.4",
      "resolved": "https://registry.npmjs.org/async-await-retry/-/async-await-retry-1.0.4.tgz",
      "integrity": "sha512-ypY2ggjS6Tn4/WhqHIu1KT4V9TRLKQgjrtHaB5b79IB8JVxKt54FzH0wIqX7YYab33WlojqwRmGzQkbkrRFa9w=="
    }
  }
}
